
Microsoft Visual Studio Solution File, Format Version 12.00
# Visual Studio Version 18
VisualStudioVersion = 18.10.12201.205
MinimumVisualStudioVersion = 10.0.40219.1
Project("{FAE04EC0-301F-11D3-BF4B-00C04F79EFBC}") = "Boletin1", "Boletin1\Boletin1.csproj", "{CA232A0C-4EA4-4A17-B9A1-B4458FAAA950}"
EndProject
Project("{FAE04EC0-301F-11D3-BF4B-00C04F79EFBC}") = "Ejercicio2", "Ejercicio2\Ejercicio2.csproj", "{96C200B0-E1D7-4ED5-B45D-447AD486103E}"
EndProject
Project("{FAE04EC0-301F-11D3-BF4B-00C04F79EFBC}") = "Ejercicio4", "Ejercicio4\Ejercicio4.csproj", "{840766AF-73EC-4B60-A25F-00DE1FEBDA03}"
EndProject
Project("{FAE04EC0-301F-11D3-BF4B-00C04F79EFBC}") = "Ejercicio5", "Ejercicio5\Ejercicio5.csproj", "{47D34886-0A01-48E0-B806-B27E0C46FBC9}"
EndProject
Project("{FAE04EC0-301F-11D3-BF4B-00C04F79EFBC}") = "EjercicioPOO", "EjercicioPOO\EjercicioPOO.csproj", "{A1E20C59-FE98-4DD1-95D2-5CFB7E566032}"
EndProject
Project("{FAE04EC0-301F-11D3-BF4B-00C04F79EFBC}") = "Ejercicio9", "Ejercicio9\Ejercicio9.csproj", "{5463C802-3EFB-44D5-BB5A-5725BA71A384}"
EndProject
Project("{FAE04EC0-301F-11D3-BF4B-00C04F79EFBC}") = "Ejercicio10", "Ejercicio10\Ejercicio10.csproj", "{5D8C9C71-4B81-45B4-A39E-457912CCAE37}"
EndProject
Project("{FAE04EC0-301F-11D3-BF4B-00C04F79EFBC}") = "Ejercicio3", "Ejercicio3\Ejercicio3.csproj", "{4AEAB3EC-1E6D-4665-9BB0-FD13504C8B44}"
EndProject
Project("{FAE04EC0-301F-11D3-BF4B-00C04F79EFBC}") = "Acceso_Archivos_Ejercicio2", "Acceso_Archivos_Ejercicio2\Acceso_Archivos_Ejercicio2.csproj", "{D683CA85-C568-48D1-A661-55CCFEF6E1FF}"
EndProject
Global
	GlobalSection(SolutionConfigurationPlatforms) = preSolution
		Debug|Any CPU = Debug|Any CPU
		Release|Any CPU = Release|Any CPU
	EndGlobalSection
	GlobalSection(ProjectConfigurationPlatforms) = postSolution
		{CA232A0C-4EA4-4A17-B9A1-B4458FAAA950}.Debug|Any CPU.ActiveCfg = Debug|Any CPU
		{CA232A0C-4EA4-4A17-B9A1-B4458FAAA950}.Debug|Any CPU.Build.0 = Debug|Any CPU
		{CA232A0C-4EA4-4A17-B9A1-B4458FAAA950}.Release|Any CPU.ActiveCfg = Release|Any CPU
		{CA232A0C-4EA4-4A17-B9A1-B4458FAAA950}.Release|Any CPU.Build.0 = Release|Any CPU
		{96C200B0-E1D7-4ED5-B45D-447AD486103E}.Debug|Any CPU.ActiveCfg = Debug|Any CPU
		{96C200B0-E1D7-4ED5-B45D-447AD486103E}.Debug|Any CPU.Build.0 = Debug|Any CPU
		{96C200B0-E1D7-4ED5-B45D-447AD486103E}.Release|Any CPU.ActiveCfg = Release|Any CPU
		{96C200B0-E1D7-4ED5-B45D-447AD486103E}.Release|Any CPU.Build.0 = Release|Any CPU
		{840766AF-73EC-4B60-A25F-00DE1FEBDA03}.Debug|Any CPU.ActiveCfg = Debug|Any CPU
		{840766AF-73EC-4B60-A25F-00DE1FEBDA03}.Debug|Any CPU.Build.0 = Debug|Any CPU
		{840766AF-73EC-4B60-A25F-00DE1FEBDA03}.Release|Any CPU.ActiveCfg = Release|Any CPU
		{840766AF-73EC-4B60-A25F-00DE1FEBDA03}.Release|Any CPU.Build.0 = Release|Any CPU
		{47D34886-0A01-48E0-B806-B27E0C46FBC9}.Debug|Any CPU.ActiveCfg = Debug|Any CPU
		{47D34886-0A01-48E0-B806-B27E0C46FBC9}.Debug|Any CPU.Build.0 = Debug|Any CPU
		{47D34886-0A01-48E0-B806-B27E0C46FBC9}.Release|Any CPU.ActiveCfg = Release|Any CPU
		{47D34886-0A01-48E0-B806-B27E0C46FBC9}.Release|Any CPU.Build.0 = Release|Any CPU
		{A1E20C59-FE98-4DD1-95D2-5CFB7E566032}.Debug|Any CPU.ActiveCfg = Debug|Any CPU
		{A1E20C59-FE98-4DD1-95D2-5CFB7E566032}.Debug|Any CPU.Build.0 = Debug|Any CPU
		{A1E20C59-FE98-4DD1-95D2-5CFB7E566032}.Release|Any CPU.ActiveCfg = Release|Any CPU
		{A1E20C59-FE98-4DD1-95D2-5CFB7E566032}.Release|Any CPU.Build.0 = Release|Any CPU
		{5463C802-3EFB-44D5-BB5A-5725BA71A384}.Debug|Any CPU.ActiveCfg = Debug|Any CPU
		{5463C802-3EFB-44D5-BB5A-5725BA71A384}.Debug|Any CPU.Build.0 = Debug|Any CPU
		{5463C802-3EFB-44D5-BB5A-5725BA71A384}.Release|Any CPU.ActiveCfg = Release|Any CPU
		{5463C802-3EFB-44D5-BB5A-5725BA71A384}.Release|Any CPU.Build.0 = Release|Any CPU
		{5D8C9C71-4B81-45B4-A39E-457912CCAE37}.Debug|Any CPU.ActiveCfg = Debug|Any CPU
		{5D8C9C71-4B81-45B4-A39E-457912CCAE37}.Debug|Any CPU.Build.0 = Debug|Any CPU
		{5D8C9C71-4B81-45B4-A39E-457912CCAE37}.Release|Any CPU.ActiveCfg = Release|Any CPU
		{5D8C9C71-4B81-45B4-A39E-457912CCAE37}.Release|Any CPU.Build.0 = Release|Any CPU
		{4AEAB3EC-1E6D-4665-9BB0-FD13504C8B44}.Debug|Any CPU.ActiveCfg = Debug|Any CPU
		{4AEAB3EC-1E6D-4665-9BB0-FD13504C8B44}.Debug|Any CPU.Build.0 = Debug|Any CPU
		{4AEAB3EC-1E6D-4665-9BB0-FD13504C8B44}.Release|Any CPU.ActiveCfg = Release|Any CPU
		{4AEAB3EC-1E6D-4665-9BB0-FD13504C8B44}.Release|Any CPU.Build.0 = Release|Any CPU
		{D683CA85-C568-48D1-A661-55CCFEF6E1FF}.Debug|Any CPU.ActiveCfg = Debug|Any CPU
		{D683CA85-C568-48D1-A661-55CCFEF6E1FF}.Debug|Any CPU.Build.0 = Debug|Any CPU
		{D683CA85-C568-48D1-A661-55CCFEF6E1FF}.Release|Any CPU.ActiveCfg = Release|Any CPU
		{D683CA85-C568-48D1-A661-55CCFEF6E1FF}.Release|Any CPU.Build.0 = Release|Any CPU
	EndGlobalSection
	GlobalSection(SolutionProperties) = preSolution
		HideSolutionNode = FALSE
	EndGlobalSection
	GlobalSection(ExtensibilityGlobals) = postSolution
		SolutionGuid = {5DB79D3F-5B20-4B89-A6B1-F107E2E0D331}
	EndGlobalSection
EndGlobal
